
Microsoft Visual Studio Solution File, Format Version 12.00
# Visual Studio 14
VisualStudioVersion = 14.0.25420.1
MinimumVisualStudioVersion = 10.0.40219.1
Project("{FAE04EC0-301F-11D3-BF4B-00C04F79EFBC}") = "Epione.Console", "Epione\Epione.Console.csproj", "{59482AD1-7D61-4A75-B543-A122719FAE9A}"
EndProject
Project("{FAE04EC0-301F-11D3-BF4B-00C04F79EFBC}") = "Epione.Data", "Epione.Data\Epione.Data.csproj", "{0CBBEEF7-544A-4A93-A761-D4775848FB5F}"
EndProject
Project("{FAE04EC0-301F-11D3-BF4B-00C04F79EFBC}") = "Epione.Domain", "Epione.Domain\Epione.Domain.csproj", "{D06C13DC-441A-4E8C-B530-4F40DBD6BA3A}"
EndProject
Project("{FAE04EC0-301F-11D3-BF4B-00C04F79EFBC}") = "Epione.Service", "Epione.Service\Epione.Service.csproj", "{509BB6D4-220C-40DD-AD2B-5E025CFE5626}"
EndProject
Project("{FAE04EC0-301F-11D3-BF4B-00C04F79EFBC}") = "Service.Pattern", "Service.Pattern\Service.Pattern.csproj", "{C56B8367-C06B-4C72-B451-8AECF5FC1A96}"
EndProject
Project("{FAE04EC0-301F-11D3-BF4B-00C04F79EFBC}") = "Epione.Web", "Epione.Web\Epione.Web.csproj", "{EDE37481-CCC9-4AF2-9A32-56C54FCD7928}"
EndProject
Global
	GlobalSection(SolutionConfigurationPlatforms) = preSolution
		Debug|Any CPU = Debug|Any CPU
		Release|Any CPU = Release|Any CPU
	EndGlobalSection
	GlobalSection(ProjectConfigurationPlatforms) = postSolution
		{59482AD1-7D61-4A75-B543-A122719FAE9A}.Debug|Any CPU.ActiveCfg = Debug|Any CPU
		{59482AD1-7D61-4A75-B543-A122719FAE9A}.Debug|Any CPU.Build.0 = Debug|Any CPU
		{59482AD1-7D61-4A75-B543-A122719FAE9A}.Release|Any CPU.ActiveCfg = Release|Any CPU
		{59482AD1-7D61-4A75-B543-A122719FAE9A}.Release|Any CPU.Build.0 = Release|Any CPU
		{0CBBEEF7-544A-4A93-A761-D4775848FB5F}.Debug|Any CPU.ActiveCfg = Debug|Any CPU
		{0CBBEEF7-544A-4A93-A761-D4775848FB5F}.Debug|Any CPU.Build.0 = Debug|Any CPU
		{0CBBEEF7-544A-4A93-A761-D4775848FB5F}.Release|Any CPU.ActiveCfg = Release|Any CPU
		{0CBBEEF7-544A-4A93-A761-D4775848FB5F}.Release|Any CPU.Build.0 = Release|Any CPU
		{D06C13DC-441A-4E8C-B530-4F40DBD6BA3A}.Debug|Any CPU.ActiveCfg = Debug|Any CPU
		{D06C13DC-441A-4E8C-B530-4F40DBD6BA3A}.Debug|Any CPU.Build.0 = Debug|Any CPU
		{D06C13DC-441A-4E8C-B530-4F40DBD6BA3A}.Release|Any CPU.ActiveCfg = Release|Any CPU
		{D06C13DC-441A-4E8C-B530-4F40DBD6BA3A}.Release|Any CPU.Build.0 = Release|Any CPU
		{509BB6D4-220C-40DD-AD2B-5E025CFE5626}.Debug|Any CPU.ActiveCfg = Debug|Any CPU
		{509BB6D4-220C-40DD-AD2B-5E025CFE5626}.Debug|Any CPU.Build.0 = Debug|Any CPU
		{509BB6D4-220C-40DD-AD2B-5E025CFE5626}.Release|Any CPU.ActiveCfg = Release|Any CPU
		{509BB6D4-220C-40DD-AD2B-5E025CFE5626}.Release|Any CPU.Build.0 = Release|Any CPU
		{C56B8367-C06B-4C72-B451-8AECF5FC1A96}.Debug|Any CPU.ActiveCfg = Debug|Any CPU
		{C56B8367-C06B-4C72-B451-8AECF5FC1A96}.Debug|Any CPU.Build.0 = Debug|Any CPU
		{C56B8367-C06B-4C72-B451-8AECF5FC1A96}.Release|Any CPU.ActiveCfg = Release|Any CPU
		{C56B8367-C06B-4C72-B451-8AECF5FC1A96}.Release|Any CPU.Build.0 = Release|Any CPU
		{EDE37481-CCC9-4AF2-9A32-56C54FCD7928}.Debug|Any CPU.ActiveCfg = Debug|Any CPU
		{EDE37481-CCC9-4AF2-9A32-56C54FCD7928}.Debug|Any CPU.Build.0 = Debug|Any CPU
		{EDE37481-CCC9-4AF2-9A32-56C54FCD7928}.Release|Any CPU.ActiveCfg = Release|Any CPU
		{EDE37481-CCC9-4AF2-9A32-56C54FCD7928}.Release|Any CPU.Build.0 = Release|Any CPU
	EndGlobalSection
	GlobalSection(SolutionProperties) = preSolution
		HideSolutionNode = FALSE
	EndGlobalSection
EndGlobal
